// !$*UTF8*$!
{
	archiveVersion = 1;
	classes = {
	};
	objectVersion = 51;
	objects = {

/* Begin PBXBuildFile section */
		3E212ACDB935C163172E3132 /* Pods_aquadroid.framework in Frameworks */ = {isa = PBXBuildFile; fileRef = 669A6D753F107991B039FE68 /* Pods_aquadroid.framework */; };
		F9992E0722A6B8E4009363B5 /* AppDelegate.swift in Sources */ = {isa = PBXBuildFile; fileRef = F9992E0622A6B8E4009363B5 /* AppDelegate.swift */; };
		F9992E0922A6B8E4009363B5 /* ViewController.swift in Sources */ = {isa = PBXBuildFile; fileRef = F9992E0822A6B8E4009363B5 /* ViewController.swift */; };
		F9992E0C22A6B8E4009363B5 /* Main.storyboard in Resources */ = {isa = PBXBuildFile; fileRef = F9992E0A22A6B8E4009363B5 /* Main.storyboard */; };
		F9992E0E22A6B8E5009363B5 /* Assets.xcassets in Resources */ = {isa = PBXBuildFile; fileRef = F9992E0D22A6B8E5009363B5 /* Assets.xcassets */; };
		F9992E1122A6B8E5009363B5 /* LaunchScreen.storyboard in Resources */ = {isa = PBXBuildFile; fileRef = F9992E0F22A6B8E5009363B5 /* LaunchScreen.storyboard */; };
		F9992E1C22A79794009363B5 /* R.generated.swift in Sources */ = {isa = PBXBuildFile; fileRef = F9992E1B22A79794009363B5 /* R.generated.swift */; };
		F9992E2222A79A95009363B5 /* RequestCreator.swift in Sources */ = {isa = PBXBuildFile; fileRef = F9992E2122A79A95009363B5 /* RequestCreator.swift */; };
		F9992E2422A79ADE009363B5 /* Requests.strings in Resources */ = {isa = PBXBuildFile; fileRef = F9992E2322A79ADE009363B5 /* Requests.strings */; };
		F9E7A7B122A79CFF00AA687E /* RequestError.swift in Sources */ = {isa = PBXBuildFile; fileRef = F9E7A7B022A79CFF00AA687E /* RequestError.swift */; };
		F9E7A7B322A79D4A00AA687E /* Localizable.strings in Resources */ = {isa = PBXBuildFile; fileRef = F9E7A7B222A79D4A00AA687E /* Localizable.strings */; };
		F9E7A7B522A79D8100AA687E /* Request.swift in Sources */ = {isa = PBXBuildFile; fileRef = F9E7A7B422A79D8100AA687E /* Request.swift */; };
		F9E7A7B722A79DD200AA687E /* Request+URL.swift in Sources */ = {isa = PBXBuildFile; fileRef = F9E7A7B622A79DD200AA687E /* Request+URL.swift */; };
		F9E7A7B922A79E1B00AA687E /* Request+Authorization.swift in Sources */ = {isa = PBXBuildFile; fileRef = F9E7A7B822A79E1B00AA687E /* Request+Authorization.swift */; };
		F9E7A7BC22A79E5900AA687E /* Credentials.swift in Sources */ = {isa = PBXBuildFile; fileRef = F9E7A7BB22A79E5900AA687E /* Credentials.swift */; };
		F9E7A7BF22A79EB200AA687E /* Keychain.swift in Sources */ = {isa = PBXBuildFile; fileRef = F9E7A7BE22A79EB200AA687E /* Keychain.swift */; };
		F9E7A7C122A79EC300AA687E /* KeychainError.swift in Sources */ = {isa = PBXBuildFile; fileRef = F9E7A7C022A79EC300AA687E /* KeychainError.swift */; };
		F9E7A7C422A79F0400AA687E /* AuthorizationError.swift in Sources */ = {isa = PBXBuildFile; fileRef = F9E7A7C322A79F0400AA687E /* AuthorizationError.swift */; };
		F9E7A7C722A79F6000AA687E /* +UserDefaults.swift in Sources */ = {isa = PBXBuildFile; fileRef = F9E7A7C622A79F6000AA687E /* +UserDefaults.swift */; };
		F9E7A7C922A79FD000AA687E /* BaseResponse.swift in Sources */ = {isa = PBXBuildFile; fileRef = F9E7A7C822A79FD000AA687E /* BaseResponse.swift */; };
		F9E7A7CD22A7B06300AA687E /* AuthorizationResponse.swift in Sources */ = {isa = PBXBuildFile; fileRef = F9E7A7CC22A7B06300AA687E /* AuthorizationResponse.swift */; };
		F9E7A7CF22A7B2EF00AA687E /* +Date.swift in Sources */ = {isa = PBXBuildFile; fileRef = F9E7A7CE22A7B2EF00AA687E /* +Date.swift */; };
		F9E7A7D122A7B3EF00AA687E /* +UIDevice.swift in Sources */ = {isa = PBXBuildFile; fileRef = F9E7A7D022A7B3EF00AA687E /* +UIDevice.swift */; };
		F9E7A7D322A7B44200AA687E /* +String.swift in Sources */ = {isa = PBXBuildFile; fileRef = F9E7A7D222A7B44200AA687E /* +String.swift */; };
		F9E7A7D622A7B54200AA687E /* UpdatePasswordRequest.swift in Sources */ = {isa = PBXBuildFile; fileRef = F9E7A7D522A7B54200AA687E /* UpdatePasswordRequest.swift */; };
/* End PBXBuildFile section */

/* Begin PBXFileReference section */
		341F4ECAB02E52F4052DF92D /* Pods-aquadroid.release.xcconfig */ = {isa = PBXFileReference; includeInIndex = 1; lastKnownFileType = text.xcconfig; name = "Pods-aquadroid.release.xcconfig"; path = "Target Support Files/Pods-aquadroid/Pods-aquadroid.release.xcconfig"; sourceTree = "<group>"; };
		44C25614E68E1553143555C9 /* Pods-aquadroid.debug.xcconfig */ = {isa = PBXFileReference; includeInIndex = 1; lastKnownFileType = text.xcconfig; name = "Pods-aquadroid.debug.xcconfig"; path = "Target Support Files/Pods-aquadroid/Pods-aquadroid.debug.xcconfig"; sourceTree = "<group>"; };
		669A6D753F107991B039FE68 /* Pods_aquadroid.framework */ = {isa = PBXFileReference; explicitFileType = wrapper.framework; includeInIndex = 0; path = Pods_aquadroid.framework; sourceTree = BUILT_PRODUCTS_DIR; };
		F9992E0322A6B8E3009363B5 /* aquadroid.app */ = {isa = PBXFileReference; explicitFileType = wrapper.application; includeInIndex = 0; path = aquadroid.app; sourceTree = BUILT_PRODUCTS_DIR; };
		F9992E0622A6B8E4009363B5 /* AppDelegate.swift */ = {isa = PBXFileReference; lastKnownFileType = sourcecode.swift; path = AppDelegate.swift; sourceTree = "<group>"; };
		F9992E0822A6B8E4009363B5 /* ViewController.swift */ = {isa = PBXFileReference; lastKnownFileType = sourcecode.swift; path = ViewController.swift; sourceTree = "<group>"; };
		F9992E0B22A6B8E4009363B5 /* Base */ = {isa = PBXFileReference; lastKnownFileType = file.storyboard; name = Base; path = Base.lproj/Main.storyboard; sourceTree = "<group>"; };
		F9992E0D22A6B8E5009363B5 /* Assets.xcassets */ = {isa = PBXFileReference; lastKnownFileType = folder.assetcatalog; path = Assets.xcassets; sourceTree = "<group>"; };
		F9992E1022A6B8E5009363B5 /* Base */ = {isa = PBXFileReference; lastKnownFileType = file.storyboard; name = Base; path = Base.lproj/LaunchScreen.storyboard; sourceTree = "<group>"; };
		F9992E1222A6B8E5009363B5 /* Info.plist */ = {isa = PBXFileReference; lastKnownFileType = text.plist.xml; path = Info.plist; sourceTree = "<group>"; };
		F9992E1B22A79794009363B5 /* R.generated.swift */ = {isa = PBXFileReference; fileEncoding = 4; lastKnownFileType = sourcecode.swift; path = R.generated.swift; sourceTree = "<group>"; };
		F9992E2122A79A95009363B5 /* RequestCreator.swift */ = {isa = PBXFileReference; lastKnownFileType = sourcecode.swift; path = RequestCreator.swift; sourceTree = "<group>"; };
		F9992E2322A79ADE009363B5 /* Requests.strings */ = {isa = PBXFileReference; lastKnownFileType = text.plist.strings; path = Requests.strings; sourceTree = "<group>"; };
		F9E7A7B022A79CFF00AA687E /* RequestError.swift */ = {isa = PBXFileReference; lastKnownFileType = sourcecode.swift; path = RequestError.swift; sourceTree = "<group>"; };
		F9E7A7B222A79D4A00AA687E /* Localizable.strings */ = {isa = PBXFileReference; lastKnownFileType = text.plist.strings; path = Localizable.strings; sourceTree = "<group>"; };
		F9E7A7B422A79D8100AA687E /* Request.swift */ = {isa = PBXFileReference; lastKnownFileType = sourcecode.swift; path = Request.swift; sourceTree = "<group>"; };
		F9E7A7B622A79DD200AA687E /* Request+URL.swift */ = {isa = PBXFileReference; lastKnownFileType = sourcecode.swift; path = "Request+URL.swift"; sourceTree = "<group>"; };
		F9E7A7B822A79E1B00AA687E /* Request+Authorization.swift */ = {isa = PBXFileReference; lastKnownFileType = sourcecode.swift; name = "Request+Authorization.swift"; path = "../../../Utils/Requests/Request+Authorization.swift"; sourceTree = "<group>"; };
		F9E7A7BB22A79E5900AA687E /* Credentials.swift */ = {isa = PBXFileReference; lastKnownFileType = sourcecode.swift; path = Credentials.swift; sourceTree = "<group>"; };
		F9E7A7BE22A79EB200AA687E /* Keychain.swift */ = {isa = PBXFileReference; lastKnownFileType = sourcecode.swift; path = Keychain.swift; sourceTree = "<group>"; };
		F9E7A7C022A79EC300AA687E /* KeychainError.swift */ = {isa = PBXFileReference; lastKnownFileType = sourcecode.swift; path = KeychainError.swift; sourceTree = "<group>"; };
		F9E7A7C322A79F0400AA687E /* AuthorizationError.swift */ = {isa = PBXFileReference; lastKnownFileType = sourcecode.swift; path = AuthorizationError.swift; sourceTree = "<group>"; };
		F9E7A7C622A79F6000AA687E /* +UserDefaults.swift */ = {isa = PBXFileReference; lastKnownFileType = sourcecode.swift; path = "+UserDefaults.swift"; sourceTree = "<group>"; };
		F9E7A7C822A79FD000AA687E /* BaseResponse.swift */ = {isa = PBXFileReference; lastKnownFileType = sourcecode.swift; path = BaseResponse.swift; sourceTree = "<group>"; };
		F9E7A7CC22A7B06300AA687E /* AuthorizationResponse.swift */ = {isa = PBXFileReference; lastKnownFileType = sourcecode.swift; name = AuthorizationResponse.swift; path = ../AuthorizationResponse.swift; sourceTree = "<group>"; };
		F9E7A7CE22A7B2EF00AA687E /* +Date.swift */ = {isa = PBXFileReference; lastKnownFileType = sourcecode.swift; path = "+Date.swift"; sourceTree = "<group>"; };
		F9E7A7D022A7B3EF00AA687E /* +UIDevice.swift */ = {isa = PBXFileReference; lastKnownFileType = sourcecode.swift; path = "+UIDevice.swift"; sourceTree = "<group>"; };
		F9E7A7D222A7B44200AA687E /* +String.swift */ = {isa = PBXFileReference; lastKnownFileType = sourcecode.swift; path = "+String.swift"; sourceTree = "<group>"; };
		F9E7A7D522A7B54200AA687E /* UpdatePasswordRequest.swift */ = {isa = PBXFileReference; lastKnownFileType = sourcecode.swift; path = UpdatePasswordRequest.swift; sourceTree = "<group>"; };
/* End PBXFileReference section */

/* Begin PBXFrameworksBuildPhase section */
		F9992E0022A6B8E3009363B5 /* Frameworks */ = {
			isa = PBXFrameworksBuildPhase;
			buildActionMask = 2147483647;
			files = (
				3E212ACDB935C163172E3132 /* Pods_aquadroid.framework in Frameworks */,
			);
			runOnlyForDeploymentPostprocessing = 0;
		};
/* End PBXFrameworksBuildPhase section */

/* Begin PBXGroup section */
		02E4FFA8D4921E32925836CD /* Pods */ = {
			isa = PBXGroup;
			children = (
				44C25614E68E1553143555C9 /* Pods-aquadroid.debug.xcconfig */,
				341F4ECAB02E52F4052DF92D /* Pods-aquadroid.release.xcconfig */,
			);
			path = Pods;
			sourceTree = "<group>";
		};
		DF48459224653FB0C59AF309 /* Frameworks */ = {
			isa = PBXGroup;
			children = (
				669A6D753F107991B039FE68 /* Pods_aquadroid.framework */,
			);
			name = Frameworks;
			sourceTree = "<group>";
		};
		F9992DFA22A6B8E3009363B5 = {
			isa = PBXGroup;
			children = (
				F9992E0522A6B8E4009363B5 /* aquadroid */,
				F9992E0422A6B8E3009363B5 /* Products */,
				02E4FFA8D4921E32925836CD /* Pods */,
				DF48459224653FB0C59AF309 /* Frameworks */,
			);
			sourceTree = "<group>";
		};
		F9992E0422A6B8E3009363B5 /* Products */ = {
			isa = PBXGroup;
			children = (
				F9992E0322A6B8E3009363B5 /* aquadroid.app */,
			);
			name = Products;
			sourceTree = "<group>";
		};
		F9992E0522A6B8E4009363B5 /* aquadroid */ = {
			isa = PBXGroup;
			children = (
				F9992E1F22A79A75009363B5 /* Resources */,
				F9992E1E22A79A6F009363B5 /* Utils */,
				F9E7A7CA22A7A03500AA687E /* Activities */,
				F9992E1B22A79794009363B5 /* R.generated.swift */,
				F9992E0622A6B8E4009363B5 /* AppDelegate.swift */,
				F9992E0822A6B8E4009363B5 /* ViewController.swift */,
				F9992E0A22A6B8E4009363B5 /* Main.storyboard */,
				F9992E0D22A6B8E5009363B5 /* Assets.xcassets */,
				F9992E0F22A6B8E5009363B5 /* LaunchScreen.storyboard */,
				F9992E1222A6B8E5009363B5 /* Info.plist */,
			);
			path = aquadroid;
			sourceTree = "<group>";
		};
		F9992E1E22A79A6F009363B5 /* Utils */ = {
			isa = PBXGroup;
			children = (
				F9E7A7C522A79F3700AA687E /* Extensions */,
				F9E7A7C222A79EF100AA687E /* AuthorizationHelper */,
				F9E7A7BD22A79E7000AA687E /* Keychain */,
				F9992E2022A79A89009363B5 /* Requests */,
			);
			path = Utils;
			sourceTree = "<group>";
		};
		F9992E1F22A79A75009363B5 /* Resources */ = {
			isa = PBXGroup;
			children = (
				F9992E2322A79ADE009363B5 /* Requests.strings */,
				F9E7A7B222A79D4A00AA687E /* Localizable.strings */,
			);
			path = Resources;
			sourceTree = "<group>";
		};
		F9992E2022A79A89009363B5 /* Requests */ = {
			isa = PBXGroup;
			children = (
				F9E7A7BA22A79E2F00AA687E /* Model */,
				F9992E2122A79A95009363B5 /* RequestCreator.swift */,
				F9E7A7B022A79CFF00AA687E /* RequestError.swift */,
				F9E7A7B422A79D8100AA687E /* Request.swift */,
				F9E7A7B622A79DD200AA687E /* Request+URL.swift */,
				F9E7A7C822A79FD000AA687E /* BaseResponse.swift */,
			);
			path = Requests;
			sourceTree = "<group>";
		};
		F9E7A7BA22A79E2F00AA687E /* Model */ = {
			isa = PBXGroup;
			children = (
				F9E7A7BB22A79E5900AA687E /* Credentials.swift */,
			);
			path = Model;
			sourceTree = "<group>";
		};
		F9E7A7BD22A79E7000AA687E /* Keychain */ = {
			isa = PBXGroup;
			children = (
				F9E7A7BE22A79EB200AA687E /* Keychain.swift */,
				F9E7A7C022A79EC300AA687E /* KeychainError.swift */,
			);
			path = Keychain;
			sourceTree = "<group>";
		};
		F9E7A7C222A79EF100AA687E /* AuthorizationHelper */ = {
			isa = PBXGroup;
			children = (
				F9E7A7C322A79F0400AA687E /* AuthorizationError.swift */,
			);
			path = AuthorizationHelper;
			sourceTree = "<group>";
		};
		F9E7A7C522A79F3700AA687E /* Extensions */ = {
			isa = PBXGroup;
			children = (
				F9E7A7C622A79F6000AA687E /* +UserDefaults.swift */,
				F9E7A7CE22A7B2EF00AA687E /* +Date.swift */,
				F9E7A7D022A7B3EF00AA687E /* +UIDevice.swift */,
				F9E7A7D222A7B44200AA687E /* +String.swift */,
			);
			path = Extensions;
			sourceTree = "<group>";
		};
		F9E7A7CA22A7A03500AA687E /* Activities */ = {
			isa = PBXGroup;
			children = (
				F9E7A7CB22A7A05200AA687E /* Authorization */,
			);
			path = Activities;
			sourceTree = "<group>";
		};
		F9E7A7CB22A7A05200AA687E /* Authorization */ = {
			isa = PBXGroup;
			children = (
				F9E7A7D422A7B4F700AA687E /* Model */,
			);
			path = Authorization;
			sourceTree = "<group>";
		};
		F9E7A7D422A7B4F700AA687E /* Model */ = {
			isa = PBXGroup;
			children = (
				F9E7A7B822A79E1B00AA687E /* Request+Authorization.swift */,
				F9E7A7CC22A7B06300AA687E /* AuthorizationResponse.swift */,
				F9E7A7D522A7B54200AA687E /* UpdatePasswordRequest.swift */,
			);
			path = Model;
			sourceTree = "<group>";
		};
/* End PBXGroup section */

/* Begin PBXNativeTarget section */
		F9992E0222A6B8E3009363B5 /* aquadroid */ = {
			isa = PBXNativeTarget;
			buildConfigurationList = F9992E1522A6B8E5009363B5 /* Build configuration list for PBXNativeTarget "aquadroid" */;
			buildPhases = (
				EE5682022475619719ABFA88 /* [CP] Check Pods Manifest.lock */,
				F9992E1822A796CA009363B5 /* R.Swift */,
				F9992DFF22A6B8E3009363B5 /* Sources */,
				F9992E0022A6B8E3009363B5 /* Frameworks */,
				F9992E0122A6B8E3009363B5 /* Resources */,
				132BADEA94A6EF0C4CC2BFF9 /* [CP] Embed Pods Frameworks */,
				F9992E1D22A797A1009363B5 /* SwiftLint */,
			);
			buildRules = (
			);
			dependencies = (
			);
			name = aquadroid;
			productName = aquadroid;
			productReference = F9992E0322A6B8E3009363B5 /* aquadroid.app */;
			productType = "com.apple.product-type.application";
		};
/* End PBXNativeTarget section */

/* Begin PBXProject section */
		F9992DFB22A6B8E3009363B5 /* Project object */ = {
			isa = PBXProject;
			attributes = {
				LastSwiftUpdateCheck = 1020;
				LastUpgradeCheck = 1020;
				ORGANIZATIONNAME = "Андрей Глухих";
				TargetAttributes = {
					F9992E0222A6B8E3009363B5 = {
						CreatedOnToolsVersion = 10.2.1;
					};
				};
			};
			buildConfigurationList = F9992DFE22A6B8E3009363B5 /* Build configuration list for PBXProject "aquadroid" */;
			compatibilityVersion = "Xcode 9.3";
			developmentRegion = en;
			hasScannedForEncodings = 0;
			knownRegions = (
				en,
				Base,
			);
			mainGroup = F9992DFA22A6B8E3009363B5;
			productRefGroup = F9992E0422A6B8E3009363B5 /* Products */;
			projectDirPath = "";
			projectRoot = "";
			targets = (
				F9992E0222A6B8E3009363B5 /* aquadroid */,
			);
		};
/* End PBXProject section */

/* Begin PBXResourcesBuildPhase section */
		F9992E0122A6B8E3009363B5 /* Resources */ = {
			isa = PBXResourcesBuildPhase;
			buildActionMask = 2147483647;
			files = (
				F9E7A7B322A79D4A00AA687E /* Localizable.strings in Resources */,
				F9992E2422A79ADE009363B5 /* Requests.strings in Resources */,
				F9992E1122A6B8E5009363B5 /* LaunchScreen.storyboard in Resources */,
				F9992E0E22A6B8E5009363B5 /* Assets.xcassets in Resources */,
				F9992E0C22A6B8E4009363B5 /* Main.storyboard in Resources */,
			);
			runOnlyForDeploymentPostprocessing = 0;
		};
/* End PBXResourcesBuildPhase section */

/* Begin PBXShellScriptBuildPhase section */
		132BADEA94A6EF0C4CC2BFF9 /* [CP] Embed Pods Frameworks */ = {
			isa = PBXShellScriptBuildPhase;
			buildActionMask = 2147483647;
			files = (
			);
			inputFileListPaths = (
				"${PODS_ROOT}/Target Support Files/Pods-aquadroid/Pods-aquadroid-frameworks-${CONFIGURATION}-input-files.xcfilelist",
			);
			name = "[CP] Embed Pods Frameworks";
			outputFileListPaths = (
				"${PODS_ROOT}/Target Support Files/Pods-aquadroid/Pods-aquadroid-frameworks-${CONFIGURATION}-output-files.xcfilelist",
			);
			runOnlyForDeploymentPostprocessing = 0;
			shellPath = /bin/sh;
			shellScript = "\"${PODS_ROOT}/Target Support Files/Pods-aquadroid/Pods-aquadroid-frameworks.sh\"\n";
			showEnvVarsInLog = 0;
		};
		EE5682022475619719ABFA88 /* [CP] Check Pods Manifest.lock */ = {
			isa = PBXShellScriptBuildPhase;
			buildActionMask = 2147483647;
			files = (
			);
			inputFileListPaths = (
			);
			inputPaths = (
				"${PODS_PODFILE_DIR_PATH}/Podfile.lock",
				"${PODS_ROOT}/Manifest.lock",
			);
			name = "[CP] Check Pods Manifest.lock";
			outputFileListPaths = (
			);
			outputPaths = (
				"$(DERIVED_FILE_DIR)/Pods-aquadroid-checkManifestLockResult.txt",
			);
			runOnlyForDeploymentPostprocessing = 0;
			shellPath = /bin/sh;
			shellScript = "diff \"${PODS_PODFILE_DIR_PATH}/Podfile.lock\" \"${PODS_ROOT}/Manifest.lock\" > /dev/null\nif [ $? != 0 ] ; then\n    # print error to STDERR\n    echo \"error: The sandbox is not in sync with the Podfile.lock. Run 'pod install' or update your CocoaPods installation.\" >&2\n    exit 1\nfi\n# This output is used by Xcode 'outputs' to avoid re-running this script phase.\necho \"SUCCESS\" > \"${SCRIPT_OUTPUT_FILE_0}\"\n";
			showEnvVarsInLog = 0;
		};
		F9992E1822A796CA009363B5 /* R.Swift */ = {
			isa = PBXShellScriptBuildPhase;
			buildActionMask = 2147483647;
			files = (
			);
			inputFileListPaths = (
			);
			inputPaths = (
				"$TEMP_DIR/rswift-lastrun",
			);
			name = R.Swift;
			outputFileListPaths = (
			);
			outputPaths = (
				$SRCROOT/aquadroid/R.generated.swift,
			);
			runOnlyForDeploymentPostprocessing = 0;
			shellPath = /bin/sh;
			shellScript = "# Type a script or drag a script file from your workspace to insert its path.\n\"$PODS_ROOT/R.swift/rswift\" generate \"$SRCROOT/aquadroid/R.generated.swift\"\n";
		};
		F9992E1D22A797A1009363B5 /* SwiftLint */ = {
			isa = PBXShellScriptBuildPhase;
			buildActionMask = 2147483647;
			files = (
			);
			inputFileListPaths = (
			);
			inputPaths = (
			);
			name = SwiftLint;
			outputFileListPaths = (
			);
			outputPaths = (
			);
			runOnlyForDeploymentPostprocessing = 0;
			shellPath = /bin/sh;
			shellScript = "# Type a script or drag a script file from your workspace to insert its path.\n\"${PODS_ROOT}/SwiftLint/swiftlint\"\n";
		};
/* End PBXShellScriptBuildPhase section */

/* Begin PBXSourcesBuildPhase section */
		F9992DFF22A6B8E3009363B5 /* Sources */ = {
			isa = PBXSourcesBuildPhase;
			buildActionMask = 2147483647;
			files = (
				F9E7A7B722A79DD200AA687E /* Request+URL.swift in Sources */,
				F9992E2222A79A95009363B5 /* RequestCreator.swift in Sources */,
				F9E7A7CD22A7B06300AA687E /* AuthorizationResponse.swift in Sources */,
				F9E7A7B522A79D8100AA687E /* Request.swift in Sources */,
				F9E7A7D322A7B44200AA687E /* +String.swift in Sources */,
				F9E7A7C722A79F6000AA687E /* +UserDefaults.swift in Sources */,
				F9E7A7BC22A79E5900AA687E /* Credentials.swift in Sources */,
				F9E7A7B922A79E1B00AA687E /* Request+Authorization.swift in Sources */,
				F9E7A7B122A79CFF00AA687E /* RequestError.swift in Sources */,
				F9E7A7D622A7B54200AA687E /* UpdatePasswordRequest.swift in Sources */,
				F9E7A7C422A79F0400AA687E /* AuthorizationError.swift in Sources */,
				F9992E0922A6B8E4009363B5 /* ViewController.swift in Sources */,
				F9992E0722A6B8E4009363B5 /* AppDelegate.swift in Sources */,
				F9992E1C22A79794009363B5 /* R.generated.swift in Sources */,
				F9E7A7C922A79FD000AA687E /* BaseResponse.swift in Sources */,
				F9E7A7C122A79EC300AA687E /* KeychainError.swift in Sources */,
				F9E7A7BF22A79EB200AA687E /* Keychain.swift in Sources */,
				F9E7A7D122A7B3EF00AA687E /* +UIDevice.swift in Sources */,
				F9E7A7CF22A7B2EF00AA687E /* +Date.swift in Sources */,
			);
			runOnlyForDeploymentPostprocessing = 0;
		};
/* End PBXSourcesBuildPhase section */

/* Begin PBXVariantGroup section */
		F9992E0A22A6B8E4009363B5 /* Main.storyboard */ = {
			isa = PBXVariantGroup;
			children = (
				F9992E0B22A6B8E4009363B5 /* Base */,
			);
			name = Main.storyboard;
			sourceTree = "<group>";
		};
		F9992E0F22A6B8E5009363B5 /* LaunchScreen.storyboard */ = {
			isa = PBXVariantGroup;
			children = (
				F9992E1022A6B8E5009363B5 /* Base */,
			);
			name = LaunchScreen.storyboard;
			sourceTree = "<group>";
		};
/* End PBXVariantGroup section */

/* Begin XCBuildConfiguration section */
		F9992E1322A6B8E5009363B5 /* Debug */ = {
			isa = XCBuildConfiguration;
			buildSettings = {
				ALWAYS_SEARCH_USER_PATHS = NO;
				CLANG_ANALYZER_NONNULL = YES;
				CLANG_ANALYZER_NUMBER_OBJECT_CONVERSION = YES_AGGRESSIVE;
				CLANG_CXX_LANGUAGE_STANDARD = "gnu++14";
				CLANG_CXX_LIBRARY = "libc++";
				CLANG_ENABLE_MODULES = YES;
				CLANG_ENABLE_OBJC_ARC = YES;
				CLANG_ENABLE_OBJC_WEAK = YES;
				CLANG_WARN_BLOCK_CAPTURE_AUTORELEASING = YES;
				CLANG_WARN_BOOL_CONVERSION = YES;
				CLANG_WARN_COMMA = YES;
				CLANG_WARN_CONSTANT_CONVERSION = YES;
				CLANG_WARN_DEPRECATED_OBJC_IMPLEMENTATIONS = YES;
				CLANG_WARN_DIRECT_OBJC_ISA_USAGE = YES_ERROR;
				CLANG_WARN_DOCUMENTATION_COMMENTS = YES;
				CLANG_WARN_EMPTY_BODY = YES;
				CLANG_WARN_ENUM_CONVERSION = YES;
				CLANG_WARN_INFINITE_RECURSION = YES;
				CLANG_WARN_INT_CONVERSION = YES;
				CLANG_WARN_NON_LITERAL_NULL_CONVERSION = YES;
				CLANG_WARN_OBJC_IMPLICIT_RETAIN_SELF = YES;
				CLANG_WARN_OBJC_LITERAL_CONVERSION = YES;
				CLANG_WARN_OBJC_ROOT_CLASS = YES_ERROR;
				CLANG_WARN_RANGE_LOOP_ANALYSIS = YES;
				CLANG_WARN_STRICT_PROTOTYPES = YES;
				CLANG_WARN_SUSPICIOUS_MOVE = YES;
				CLANG_WARN_UNGUARDED_AVAILABILITY = YES_AGGRESSIVE;
				CLANG_WARN_UNREACHABLE_CODE = YES;
				CLANG_WARN__DUPLICATE_METHOD_MATCH = YES;
				CODE_SIGN_IDENTITY = "iPhone Developer";
				COPY_PHASE_STRIP = NO;
				DEBUG_INFORMATION_FORMAT = dwarf;
				ENABLE_STRICT_OBJC_MSGSEND = YES;
				ENABLE_TESTABILITY = YES;
				GCC_C_LANGUAGE_STANDARD = gnu11;
				GCC_DYNAMIC_NO_PIC = NO;
				GCC_NO_COMMON_BLOCKS = YES;
				GCC_OPTIMIZATION_LEVEL = 0;
				GCC_PREPROCESSOR_DEFINITIONS = (
					"DEBUG=1",
					"$(inherited)",
				);
				GCC_WARN_64_TO_32_BIT_CONVERSION = YES;
				GCC_WARN_ABOUT_RETURN_TYPE = YES_ERROR;
				GCC_WARN_UNDECLARED_SELECTOR = YES;
				GCC_WARN_UNINITIALIZED_AUTOS = YES_AGGRESSIVE;
				GCC_WARN_UNUSED_FUNCTION = YES;
				GCC_WARN_UNUSED_VARIABLE = YES;
				IPHONEOS_DEPLOYMENT_TARGET = 12.2;
				MTL_ENABLE_DEBUG_INFO = INCLUDE_SOURCE;
				MTL_FAST_MATH = YES;
				ONLY_ACTIVE_ARCH = YES;
				SDKROOT = iphoneos;
				SWIFT_ACTIVE_COMPILATION_CONDITIONS = DEBUG;
				SWIFT_OPTIMIZATION_LEVEL = "-Onone";
			};
			name = Debug;
		};
		F9992E1422A6B8E5009363B5 /* Release */ = {
			isa = XCBuildConfiguration;
			buildSettings = {
				ALWAYS_SEARCH_USER_PATHS = NO;
				CLANG_ANALYZER_NONNULL = YES;
				CLANG_ANALYZER_NUMBER_OBJECT_CONVERSION = YES_AGGRESSIVE;
				CLANG_CXX_LANGUAGE_STANDARD = "gnu++14";
				CLANG_CXX_LIBRARY = "libc++";
				CLANG_ENABLE_MODULES = YES;
				CLANG_ENABLE_OBJC_ARC = YES;
				CLANG_ENABLE_OBJC_WEAK = YES;
				CLANG_WARN_BLOCK_CAPTURE_AUTORELEASING = YES;
				CLANG_WARN_BOOL_CONVERSION = YES;
				CLANG_WARN_COMMA = YES;
				CLANG_WARN_CONSTANT_CONVERSION = YES;
				CLANG_WARN_DEPRECATED_OBJC_IMPLEMENTATIONS = YES;
				CLANG_WARN_DIRECT_OBJC_ISA_USAGE = YES_ERROR;
				CLANG_WARN_DOCUMENTATION_COMMENTS = YES;
				CLANG_WARN_EMPTY_BODY = YES;
				CLANG_WARN_ENUM_CONVERSION = YES;
				CLANG_WARN_INFINITE_RECURSION = YES;
				CLANG_WARN_INT_CONVERSION = YES;
				CLANG_WARN_NON_LITERAL_NULL_CONVERSION = YES;
				CLANG_WARN_OBJC_IMPLICIT_RETAIN_SELF = YES;
				CLANG_WARN_OBJC_LITERAL_CONVERSION = YES;
				CLANG_WARN_OBJC_ROOT_CLASS = YES_ERROR;
				CLANG_WARN_RANGE_LOOP_ANALYSIS = YES;
				CLANG_WARN_STRICT_PROTOTYPES = YES;
				CLANG_WARN_SUSPICIOUS_MOVE = YES;
				CLANG_WARN_UNGUARDED_AVAILABILITY = YES_AGGRESSIVE;
				CLANG_WARN_UNREACHABLE_CODE = YES;
				CLANG_WARN__DUPLICATE_METHOD_MATCH = YES;
				CODE_SIGN_IDENTITY = "iPhone Developer";
				COPY_PHASE_STRIP = NO;
				DEBUG_INFORMATION_FORMAT = "dwarf-with-dsym";
				ENABLE_NS_ASSERTIONS = NO;
				ENABLE_STRICT_OBJC_MSGSEND = YES;
				GCC_C_LANGUAGE_STANDARD = gnu11;
				GCC_NO_COMMON_BLOCKS = YES;
				GCC_WARN_64_TO_32_BIT_CONVERSION = YES;
				GCC_WARN_ABOUT_RETURN_TYPE = YES_ERROR;
				GCC_WARN_UNDECLARED_SELECTOR = YES;
				GCC_WARN_UNINITIALIZED_AUTOS = YES_AGGRESSIVE;
				GCC_WARN_UNUSED_FUNCTION = YES;
				GCC_WARN_UNUSED_VARIABLE = YES;
				IPHONEOS_DEPLOYMENT_TARGET = 12.2;
				MTL_ENABLE_DEBUG_INFO = NO;
				MTL_FAST_MATH = YES;
				SDKROOT = iphoneos;
				SWIFT_COMPILATION_MODE = wholemodule;
				SWIFT_OPTIMIZATION_LEVEL = "-O";
				VALIDATE_PRODUCT = YES;
			};
			name = Release;
		};
		F9992E1622A6B8E5009363B5 /* Debug */ = {
			isa = XCBuildConfiguration;
			baseConfigurationReference = 44C25614E68E1553143555C9 /* Pods-aquadroid.debug.xcconfig */;
			buildSettings = {
				ASSETCATALOG_COMPILER_APPICON_NAME = AppIcon;
				CODE_SIGN_STYLE = Automatic;
				DEVELOPMENT_TEAM = EY2FX8K5E8;
				INFOPLIST_FILE = aquadroid/Info.plist;
				LD_RUNPATH_SEARCH_PATHS = (
					"$(inherited)",
					"@executable_path/Frameworks",
				);
				PRODUCT_BUNDLE_IDENTIFIER = ru.spb.iac.aquadroid;
				PRODUCT_NAME = "$(TARGET_NAME)";
				SWIFT_VERSION = 5.0;
				TARGETED_DEVICE_FAMILY = "1,2";
			};
			name = Debug;
		};
		F9992E1722A6B8E5009363B5 /* Release */ = {
			isa = XCBuildConfiguration;
			baseConfigurationReference = 341F4ECAB02E52F4052DF92D /* Pods-aquadroid.release.xcconfig */;
			buildSettings = {
				ASSETCATALOG_COMPILER_APPICON_NAME = AppIcon;
				CODE_SIGN_STYLE = Automatic;
				DEVELOPMENT_TEAM = EY2FX8K5E8;
				INFOPLIST_FILE = aquadroid/Info.plist;
				LD_RUNPATH_SEARCH_PATHS = (
					"$(inherited)",
					"@executable_path/Frameworks",
				);
				PRODUCT_BUNDLE_IDENTIFIER = ru.spb.iac.aquadroid;
				PRODUCT_NAME = "$(TARGET_NAME)";
				SWIFT_VERSION = 5.0;
				TARGETED_DEVICE_FAMILY = "1,2";
			};
			name = Release;
		};
/* End XCBuildConfiguration section */

/* Begin XCConfigurationList section */
		F9992DFE22A6B8E3009363B5 /* Build configuration list for PBXProject "aquadroid" */ = {
			isa = XCConfigurationList;
			buildConfigurations = (
				F9992E1322A6B8E5009363B5 /* Debug */,
				F9992E1422A6B8E5009363B5 /* Release */,
			);
			defaultConfigurationIsVisible = 0;
			defaultConfigurationName = Release;
		};
		F9992E1522A6B8E5009363B5 /* Build configuration list for PBXNativeTarget "aquadroid" */ = {
			isa = XCConfigurationList;
			buildConfigurations = (
				F9992E1622A6B8E5009363B5 /* Debug */,
				F9992E1722A6B8E5009363B5 /* Release */,
			);
			defaultConfigurationIsVisible = 0;
			defaultConfigurationName = Release;
		};
/* End XCConfigurationList section */
	};
	rootObject = F9992DFB22A6B8E3009363B5 /* Project object */;
}
